// !$*UTF8*$!
{
	archiveVersion = 1;
	classes = {
	};
	objectVersion = 50;
	objects = {

/* Begin PBXBuildFile section */
		20AC2FA820B46B4300F8B208 /* AppDelegate.swift in Sources */ = {isa = PBXBuildFile; fileRef = 20AC2FA720B46B4300F8B208 /* AppDelegate.swift */; };
		20AC2FAD20B46B4300F8B208 /* Main.storyboard in Resources */ = {isa = PBXBuildFile; fileRef = 20AC2FAB20B46B4300F8B208 /* Main.storyboard */; };
		20AC2FAF20B46B4400F8B208 /* Assets.xcassets in Resources */ = {isa = PBXBuildFile; fileRef = 20AC2FAE20B46B4400F8B208 /* Assets.xcassets */; };
		20AC2FB220B46B4400F8B208 /* LaunchScreen.storyboard in Resources */ = {isa = PBXBuildFile; fileRef = 20AC2FB020B46B4400F8B208 /* LaunchScreen.storyboard */; };
		20AC2FBD20B46B4500F8B208 /* RestaurantTests.swift in Sources */ = {isa = PBXBuildFile; fileRef = 20AC2FBC20B46B4500F8B208 /* RestaurantTests.swift */; };
		20AC2FC820B46B4500F8B208 /* RestaurantUITests.swift in Sources */ = {isa = PBXBuildFile; fileRef = 20AC2FC720B46B4500F8B208 /* RestaurantUITests.swift */; };
		20AC2FD620B472C800F8B208 /* CategoryTableViewController.swift in Sources */ = {isa = PBXBuildFile; fileRef = 20AC2FD520B472C800F8B208 /* CategoryTableViewController.swift */; };
		20AC2FD820B472D100F8B208 /* MenuTableViewController.swift in Sources */ = {isa = PBXBuildFile; fileRef = 20AC2FD720B472D100F8B208 /* MenuTableViewController.swift */; };
		20AC2FDA20B4731400F8B208 /* OrderTableViewController.swift in Sources */ = {isa = PBXBuildFile; fileRef = 20AC2FD920B4731400F8B208 /* OrderTableViewController.swift */; };
		20AC2FDC20B473BA00F8B208 /* MenuItemDetailViewController.swift in Sources */ = {isa = PBXBuildFile; fileRef = 20AC2FDB20B473BA00F8B208 /* MenuItemDetailViewController.swift */; };
		20AC2FDE20B4745000F8B208 /* MenuItem.swift in Sources */ = {isa = PBXBuildFile; fileRef = 20AC2FDD20B4745000F8B208 /* MenuItem.swift */; };
		20AC2FE020B4755900F8B208 /* IntermediaryModels.swift in Sources */ = {isa = PBXBuildFile; fileRef = 20AC2FDF20B4755900F8B208 /* IntermediaryModels.swift */; };
		20AC2FE220B4781C00F8B208 /* MenuController.swift in Sources */ = {isa = PBXBuildFile; fileRef = 20AC2FE120B4781C00F8B208 /* MenuController.swift */; };
		20AC2FE420B5CADC00F8B208 /* SettingsViewController.swift in Sources */ = {isa = PBXBuildFile; fileRef = 20AC2FE320B5CADC00F8B208 /* SettingsViewController.swift */; };
		20AC2FE620B5CB6000F8B208 /* Settings.swift in Sources */ = {isa = PBXBuildFile; fileRef = 20AC2FE520B5CB6000F8B208 /* Settings.swift */; };
		20AC2FE820B6727300F8B208 /* OrderConfirmationViewController.swift in Sources */ = {isa = PBXBuildFile; fileRef = 20AC2FE720B6727200F8B208 /* OrderConfirmationViewController.swift */; };
/* End PBXBuildFile section */

/* Begin PBXContainerItemProxy section */
		20AC2FB920B46B4500F8B208 /* PBXContainerItemProxy */ = {
			isa = PBXContainerItemProxy;
			containerPortal = 20AC2F9C20B46B4300F8B208 /* Project object */;
			proxyType = 1;
			remoteGlobalIDString = 20AC2FA320B46B4300F8B208;
			remoteInfo = Restaurant;
		};
		20AC2FC420B46B4500F8B208 /* PBXContainerItemProxy */ = {
			isa = PBXContainerItemProxy;
			containerPortal = 20AC2F9C20B46B4300F8B208 /* Project object */;
			proxyType = 1;
			remoteGlobalIDString = 20AC2FA320B46B4300F8B208;
			remoteInfo = Restaurant;
		};
/* End PBXContainerItemProxy section */

/* Begin PBXFileReference section */
		20AC2FA420B46B4300F8B208 /* Restaurant.app */ = {isa = PBXFileReference; explicitFileType = wrapper.application; includeInIndex = 0; path = Restaurant.app; sourceTree = BUILT_PRODUCTS_DIR; };
		20AC2FA720B46B4300F8B208 /* AppDelegate.swift */ = {isa = PBXFileReference; lastKnownFileType = sourcecode.swift; path = AppDelegate.swift; sourceTree = "<group>"; };
		20AC2FAC20B46B4300F8B208 /* Base */ = {isa = PBXFileReference; lastKnownFileType = file.storyboard; name = Base; path = Base.lproj/Main.storyboard; sourceTree = "<group>"; };
		20AC2FAE20B46B4400F8B208 /* Assets.xcassets */ = {isa = PBXFileReference; lastKnownFileType = folder.assetcatalog; path = Assets.xcassets; sourceTree = "<group>"; };
		20AC2FB120B46B4400F8B208 /* Base */ = {isa = PBXFileReference; lastKnownFileType = file.storyboard; name = Base; path = Base.lproj/LaunchScreen.storyboard; sourceTree = "<group>"; };
		20AC2FB320B46B4400F8B208 /* Info.plist */ = {isa = PBXFileReference; lastKnownFileType = text.plist.xml; path = Info.plist; sourceTree = "<group>"; };
		20AC2FB820B46B4500F8B208 /* RestaurantTests.xctest */ = {isa = PBXFileReference; explicitFileType = wrapper.cfbundle; includeInIndex = 0; path = RestaurantTests.xctest; sourceTree = BUILT_PRODUCTS_DIR; };
		20AC2FBC20B46B4500F8B208 /* RestaurantTests.swift */ = {isa = PBXFileReference; lastKnownFileType = sourcecode.swift; path = RestaurantTests.swift; sourceTree = "<group>"; };
		20AC2FBE20B46B4500F8B208 /* Info.plist */ = {isa = PBXFileReference; lastKnownFileType = text.plist.xml; path = Info.plist; sourceTree = "<group>"; };
		20AC2FC320B46B4500F8B208 /* RestaurantUITests.xctest */ = {isa = PBXFileReference; explicitFileType = wrapper.cfbundle; includeInIndex = 0; path = RestaurantUITests.xctest; sourceTree = BUILT_PRODUCTS_DIR; };
		20AC2FC720B46B4500F8B208 /* RestaurantUITests.swift */ = {isa = PBXFileReference; lastKnownFileType = sourcecode.swift; path = RestaurantUITests.swift; sourceTree = "<group>"; };
		20AC2FC920B46B4500F8B208 /* Info.plist */ = {isa = PBXFileReference; lastKnownFileType = text.plist.xml; path = Info.plist; sourceTree = "<group>"; };
		20AC2FD520B472C800F8B208 /* CategoryTableViewController.swift */ = {isa = PBXFileReference; lastKnownFileType = sourcecode.swift; path = CategoryTableViewController.swift; sourceTree = "<group>"; };
		20AC2FD720B472D100F8B208 /* MenuTableViewController.swift */ = {isa = PBXFileReference; lastKnownFileType = sourcecode.swift; path = MenuTableViewController.swift; sourceTree = "<group>"; };
		20AC2FD920B4731400F8B208 /* OrderTableViewController.swift */ = {isa = PBXFileReference; lastKnownFileType = sourcecode.swift; path = OrderTableViewController.swift; sourceTree = "<group>"; };
		20AC2FDB20B473BA00F8B208 /* MenuItemDetailViewController.swift */ = {isa = PBXFileReference; lastKnownFileType = sourcecode.swift; path = MenuItemDetailViewController.swift; sourceTree = "<group>"; };
		20AC2FDD20B4745000F8B208 /* MenuItem.swift */ = {isa = PBXFileReference; lastKnownFileType = sourcecode.swift; path = MenuItem.swift; sourceTree = "<group>"; };
		20AC2FDF20B4755900F8B208 /* IntermediaryModels.swift */ = {isa = PBXFileReference; lastKnownFileType = sourcecode.swift; path = IntermediaryModels.swift; sourceTree = "<group>"; };
		20AC2FE120B4781C00F8B208 /* MenuController.swift */ = {isa = PBXFileReference; lastKnownFileType = sourcecode.swift; path = MenuController.swift; sourceTree = "<group>"; };
		20AC2FE320B5CADC00F8B208 /* SettingsViewController.swift */ = {isa = PBXFileReference; lastKnownFileType = sourcecode.swift; path = SettingsViewController.swift; sourceTree = "<group>"; };
		20AC2FE520B5CB6000F8B208 /* Settings.swift */ = {isa = PBXFileReference; lastKnownFileType = sourcecode.swift; path = Settings.swift; sourceTree = "<group>"; };
		20AC2FE720B6727200F8B208 /* OrderConfirmationViewController.swift */ = {isa = PBXFileReference; lastKnownFileType = sourcecode.swift; path = OrderConfirmationViewController.swift; sourceTree = "<group>"; };
/* End PBXFileReference section */

/* Begin PBXFrameworksBuildPhase section */
		20AC2FA120B46B4300F8B208 /* Frameworks */ = {
			isa = PBXFrameworksBuildPhase;
			buildActionMask = 2147483647;
			files = (
			);
			runOnlyForDeploymentPostprocessing = 0;
		};
		20AC2FB520B46B4500F8B208 /* Frameworks */ = {
			isa = PBXFrameworksBuildPhase;
			buildActionMask = 2147483647;
			files = (
			);
			runOnlyForDeploymentPostprocessing = 0;
		};
		20AC2FC020B46B4500F8B208 /* Frameworks */ = {
			isa = PBXFrameworksBuildPhase;
			buildActionMask = 2147483647;
			files = (
			);
			runOnlyForDeploymentPostprocessing = 0;
		};
/* End PBXFrameworksBuildPhase section */

/* Begin PBXGroup section */
		20AC2F9B20B46B4300F8B208 = {
			isa = PBXGroup;
			children = (
				20AC2FA620B46B4300F8B208 /* Restaurant */,
				20AC2FBB20B46B4500F8B208 /* RestaurantTests */,
				20AC2FC620B46B4500F8B208 /* RestaurantUITests */,
				20AC2FA520B46B4300F8B208 /* Products */,
			);
			sourceTree = "<group>";
		};
		20AC2FA520B46B4300F8B208 /* Products */ = {
			isa = PBXGroup;
			children = (
				20AC2FA420B46B4300F8B208 /* Restaurant.app */,
				20AC2FB820B46B4500F8B208 /* RestaurantTests.xctest */,
				20AC2FC320B46B4500F8B208 /* RestaurantUITests.xctest */,
			);
			name = Products;
			sourceTree = "<group>";
		};
		20AC2FA620B46B4300F8B208 /* Restaurant */ = {
			isa = PBXGroup;
			children = (
				20AC2FA720B46B4300F8B208 /* AppDelegate.swift */,
				20AC2FD520B472C800F8B208 /* CategoryTableViewController.swift */,
				20AC2FD720B472D100F8B208 /* MenuTableViewController.swift */,
				20AC2FD920B4731400F8B208 /* OrderTableViewController.swift */,
				20AC2FDB20B473BA00F8B208 /* MenuItemDetailViewController.swift */,
				20AC2FE320B5CADC00F8B208 /* SettingsViewController.swift */,
				20AC2FE720B6727200F8B208 /* OrderConfirmationViewController.swift */,
				20AC2FDD20B4745000F8B208 /* MenuItem.swift */,
				20AC2FDF20B4755900F8B208 /* IntermediaryModels.swift */,
				20AC2FE120B4781C00F8B208 /* MenuController.swift */,
				20AC2FE520B5CB6000F8B208 /* Settings.swift */,
				20AC2FAB20B46B4300F8B208 /* Main.storyboard */,
				20AC2FAE20B46B4400F8B208 /* Assets.xcassets */,
				20AC2FB020B46B4400F8B208 /* LaunchScreen.storyboard */,
				20AC2FB320B46B4400F8B208 /* Info.plist */,
			);
			path = Restaurant;
			sourceTree = "<group>";
		};
		20AC2FBB20B46B4500F8B208 /* RestaurantTests */ = {
			isa = PBXGroup;
			children = (
				20AC2FBC20B46B4500F8B208 /* RestaurantTests.swift */,
				20AC2FBE20B46B4500F8B208 /* Info.plist */,
			);
			path = RestaurantTests;
			sourceTree = "<group>";
		};
		20AC2FC620B46B4500F8B208 /* RestaurantUITests */ = {
			isa = PBXGroup;
			children = (
				20AC2FC720B46B4500F8B208 /* RestaurantUITests.swift */,
				20AC2FC920B46B4500F8B208 /* Info.plist */,
			);
			path = RestaurantUITests;
			sourceTree = "<group>";
		};
/* End PBXGroup section */

/* Begin PBXNativeTarget section */
		20AC2FA320B46B4300F8B208 /* Restaurant */ = {
			isa = PBXNativeTarget;
			buildConfigurationList = 20AC2FCC20B46B4500F8B208 /* Build configuration list for PBXNativeTarget "Restaurant" */;
			buildPhases = (
				20AC2FA020B46B4300F8B208 /* Sources */,
				20AC2FA120B46B4300F8B208 /* Frameworks */,
				20AC2FA220B46B4300F8B208 /* Resources */,
			);
			buildRules = (
			);
			dependencies = (
			);
			name = Restaurant;
			productName = Restaurant;
			productReference = 20AC2FA420B46B4300F8B208 /* Restaurant.app */;
			productType = "com.apple.product-type.application";
		};
		20AC2FB720B46B4500F8B208 /* RestaurantTests */ = {
			isa = PBXNativeTarget;
			buildConfigurationList = 20AC2FCF20B46B4500F8B208 /* Build configuration list for PBXNativeTarget "RestaurantTests" */;
			buildPhases = (
				20AC2FB420B46B4500F8B208 /* Sources */,
				20AC2FB520B46B4500F8B208 /* Frameworks */,
				20AC2FB620B46B4500F8B208 /* Resources */,
			);
			buildRules = (
			);
			dependencies = (
				20AC2FBA20B46B4500F8B208 /* PBXTargetDependency */,
			);
			name = RestaurantTests;
			productName = RestaurantTests;
			productReference = 20AC2FB820B46B4500F8B208 /* RestaurantTests.xctest */;
			productType = "com.apple.product-type.bundle.unit-test";
		};
		20AC2FC220B46B4500F8B208 /* RestaurantUITests */ = {
			isa = PBXNativeTarget;
			buildConfigurationList = 20AC2FD220B46B4500F8B208 /* Build configuration list for PBXNativeTarget "RestaurantUITests" */;
			buildPhases = (
				20AC2FBF20B46B4500F8B208 /* Sources */,
				20AC2FC020B46B4500F8B208 /* Frameworks */,
				20AC2FC120B46B4500F8B208 /* Resources */,
			);
			buildRules = (
			);
			dependencies = (
				20AC2FC520B46B4500F8B208 /* PBXTargetDependency */,
			);
			name = RestaurantUITests;
			productName = RestaurantUITests;
			productReference = 20AC2FC320B46B4500F8B208 /* RestaurantUITests.xctest */;
			productType = "com.apple.product-type.bundle.ui-testing";
		};
/* End PBXNativeTarget section */

/* Begin PBXProject section */
		20AC2F9C20B46B4300F8B208 /* Project object */ = {
			isa = PBXProject;
			attributes = {
				LastSwiftUpdateCheck = 0930;
				LastUpgradeCheck = 0930;
				ORGANIZATIONNAME = "Mikk Noorkõiv";
				TargetAttributes = {
					20AC2FA320B46B4300F8B208 = {
						CreatedOnToolsVersion = 9.3;
					};
					20AC2FB720B46B4500F8B208 = {
						CreatedOnToolsVersion = 9.3;
						TestTargetID = 20AC2FA320B46B4300F8B208;
					};
					20AC2FC220B46B4500F8B208 = {
						CreatedOnToolsVersion = 9.3;
						TestTargetID = 20AC2FA320B46B4300F8B208;
					};
				};
			};
			buildConfigurationList = 20AC2F9F20B46B4300F8B208 /* Build configuration list for PBXProject "Restaurant" */;
			compatibilityVersion = "Xcode 9.3";
			developmentRegion = en;
			hasScannedForEncodings = 0;
			knownRegions = (
				en,
				Base,
			);
			mainGroup = 20AC2F9B20B46B4300F8B208;
			productRefGroup = 20AC2FA520B46B4300F8B208 /* Products */;
			projectDirPath = "";
			projectRoot = "";
			targets = (
				20AC2FA320B46B4300F8B208 /* Restaurant */,
				20AC2FB720B46B4500F8B208 /* RestaurantTests */,
				20AC2FC220B46B4500F8B208 /* RestaurantUITests */,
			);
		};
/* End PBXProject section */

/* Begin PBXResourcesBuildPhase section */
		20AC2FA220B46B4300F8B208 /* Resources */ = {
			isa = PBXResourcesBuildPhase;
			buildActionMask = 2147483647;
			files = (
				20AC2FB220B46B4400F8B208 /* LaunchScreen.storyboard in Resources */,
				20AC2FAF20B46B4400F8B208 /* Assets.xcassets in Resources */,
				20AC2FAD20B46B4300F8B208 /* Main.storyboard in Resources */,
			);
			runOnlyForDeploymentPostprocessing = 0;
		};
		20AC2FB620B46B4500F8B208 /* Resources */ = {
			isa = PBXResourcesBuildPhase;
			buildActionMask = 2147483647;
			files = (
			);
			runOnlyForDeploymentPostprocessing = 0;
		};
		20AC2FC120B46B4500F8B208 /* Resources */ = {
			isa = PBXResourcesBuildPhase;
			buildActionMask = 2147483647;
			files = (
			);
			runOnlyForDeploymentPostprocessing = 0;
		};
/* End PBXResourcesBuildPhase section */

/* Begin PBXSourcesBuildPhase section */
		20AC2FA020B46B4300F8B208 /* Sources */ = {
			isa = PBXSourcesBuildPhase;
			buildActionMask = 2147483647;
			files = (
				20AC2FE220B4781C00F8B208 /* MenuController.swift in Sources */,
				20AC2FDC20B473BA00F8B208 /* MenuItemDetailViewController.swift in Sources */,
				20AC2FDA20B4731400F8B208 /* OrderTableViewController.swift in Sources */,
				20AC2FA820B46B4300F8B208 /* AppDelegate.swift in Sources */,
				20AC2FE620B5CB6000F8B208 /* Settings.swift in Sources */,
				20AC2FDE20B4745000F8B208 /* MenuItem.swift in Sources */,
				20AC2FD620B472C800F8B208 /* CategoryTableViewController.swift in Sources */,
				20AC2FD820B472D100F8B208 /* MenuTableViewController.swift in Sources */,
				20AC2FE020B4755900F8B208 /* IntermediaryModels.swift in Sources */,
				20AC2FE820B6727300F8B208 /* OrderConfirmationViewController.swift in Sources */,
				20AC2FE420B5CADC00F8B208 /* SettingsViewController.swift in Sources */,
			);
			runOnlyForDeploymentPostprocessing = 0;
		};
		20AC2FB420B46B4500F8B208 /* Sources */ = {
			isa = PBXSourcesBuildPhase;
			buildActionMask = 2147483647;
			files = (
				20AC2FBD20B46B4500F8B208 /* RestaurantTests.swift in Sources */,
			);
			runOnlyForDeploymentPostprocessing = 0;
		};
		20AC2FBF20B46B4500F8B208 /* Sources */ = {
			isa = PBXSourcesBuildPhase;
			buildActionMask = 2147483647;
			files = (
				20AC2FC820B46B4500F8B208 /* RestaurantUITests.swift in Sources */,
			);
			runOnlyForDeploymentPostprocessing = 0;
		};
/* End PBXSourcesBuildPhase section */

/* Begin PBXTargetDependency section */
		20AC2FBA20B46B4500F8B208 /* PBXTargetDependency */ = {
			isa = PBXTargetDependency;
			target = 20AC2FA320B46B4300F8B208 /* Restaurant */;
			targetProxy = 20AC2FB920B46B4500F8B208 /* PBXContainerItemProxy */;
		};
		20AC2FC520B46B4500F8B208 /* PBXTargetDependency */ = {
			isa = PBXTargetDependency;
			target = 20AC2FA320B46B4300F8B208 /* Restaurant */;
			targetProxy = 20AC2FC420B46B4500F8B208 /* PBXContainerItemProxy */;
		};
/* End PBXTargetDependency section */

/* Begin PBXVariantGroup section */
		20AC2FAB20B46B4300F8B208 /* Main.storyboard */ = {
			isa = PBXVariantGroup;
			children = (
				20AC2FAC20B46B4300F8B208 /* Base */,
			);
			name = Main.storyboard;
			sourceTree = "<group>";
		};
		20AC2FB020B46B4400F8B208 /* LaunchScreen.storyboard */ = {
			isa = PBXVariantGroup;
			children = (
				20AC2FB120B46B4400F8B208 /* Base */,
			);
			name = LaunchScreen.storyboard;
			sourceTree = "<group>";
		};
/* End PBXVariantGroup section */

/* Begin XCBuildConfiguration section */
		20AC2FCA20B46B4500F8B208 /* Debug */ = {
			isa = XCBuildConfiguration;
			buildSettings = {
				ALWAYS_SEARCH_USER_PATHS = NO;
				CLANG_ANALYZER_NONNULL = YES;
				CLANG_ANALYZER_NUMBER_OBJECT_CONVERSION = YES_AGGRESSIVE;
				CLANG_CXX_LANGUAGE_STANDARD = "gnu++14";
				CLANG_CXX_LIBRARY = "libc++";
				CLANG_ENABLE_MODULES = YES;
				CLANG_ENABLE_OBJC_ARC = YES;
				CLANG_ENABLE_OBJC_WEAK = YES;
				CLANG_WARN_BLOCK_CAPTURE_AUTORELEASING = YES;
				CLANG_WARN_BOOL_CONVERSION = YES;
				CLANG_WARN_COMMA = YES;
				CLANG_WARN_CONSTANT_CONVERSION = YES;
				CLANG_WARN_DEPRECATED_OBJC_IMPLEMENTATIONS = YES;
				CLANG_WARN_DIRECT_OBJC_ISA_USAGE = YES_ERROR;
				CLANG_WARN_DOCUMENTATION_COMMENTS = YES;
				CLANG_WARN_EMPTY_BODY = YES;
				CLANG_WARN_ENUM_CONVERSION = YES;
				CLANG_WARN_INFINITE_RECURSION = YES;
				CLANG_WARN_INT_CONVERSION = YES;
				CLANG_WARN_NON_LITERAL_NULL_CONVERSION = YES;
				CLANG_WARN_OBJC_IMPLICIT_RETAIN_SELF = YES;
				CLANG_WARN_OBJC_LITERAL_CONVERSION = YES;
				CLANG_WARN_OBJC_ROOT_CLASS = YES_ERROR;
				CLANG_WARN_RANGE_LOOP_ANALYSIS = YES;
				CLANG_WARN_STRICT_PROTOTYPES = YES;
				CLANG_WARN_SUSPICIOUS_MOVE = YES;
				CLANG_WARN_UNGUARDED_AVAILABILITY = YES_AGGRESSIVE;
				CLANG_WARN_UNREACHABLE_CODE = YES;
				CLANG_WARN__DUPLICATE_METHOD_MATCH = YES;
				CODE_SIGN_IDENTITY = "iPhone Developer";
				COPY_PHASE_STRIP = NO;
				DEBUG_INFORMATION_FORMAT = dwarf;
				ENABLE_STRICT_OBJC_MSGSEND = YES;
				ENABLE_TESTABILITY = YES;
				GCC_C_LANGUAGE_STANDARD = gnu11;
				GCC_DYNAMIC_NO_PIC = NO;
				GCC_NO_COMMON_BLOCKS = YES;
				GCC_OPTIMIZATION_LEVEL = 0;
				GCC_PREPROCESSOR_DEFINITIONS = (
					"DEBUG=1",
					"$(inherited)",
				);
				GCC_WARN_64_TO_32_BIT_CONVERSION = YES;
				GCC_WARN_ABOUT_RETURN_TYPE = YES_ERROR;
				GCC_WARN_UNDECLARED_SELECTOR = YES;
				GCC_WARN_UNINITIALIZED_AUTOS = YES_AGGRESSIVE;
				GCC_WARN_UNUSED_FUNCTION = YES;
				GCC_WARN_UNUSED_VARIABLE = YES;
				IPHONEOS_DEPLOYMENT_TARGET = 11.3;
				MTL_ENABLE_DEBUG_INFO = YES;
				ONLY_ACTIVE_ARCH = YES;
				SDKROOT = iphoneos;
				SWIFT_ACTIVE_COMPILATION_CONDITIONS = DEBUG;
				SWIFT_OPTIMIZATION_LEVEL = "-Onone";
			};
			name = Debug;
		};
		20AC2FCB20B46B4500F8B208 /* Release */ = {
			isa = XCBuildConfiguration;
			buildSettings = {
				ALWAYS_SEARCH_USER_PATHS = NO;
				CLANG_ANALYZER_NONNULL = YES;
				CLANG_ANALYZER_NUMBER_OBJECT_CONVERSION = YES_AGGRESSIVE;
				CLANG_CXX_LANGUAGE_STANDARD = "gnu++14";
				CLANG_CXX_LIBRARY = "libc++";
				CLANG_ENABLE_MODULES = YES;
				CLANG_ENABLE_OBJC_ARC = YES;
				CLANG_ENABLE_OBJC_WEAK = YES;
				CLANG_WARN_BLOCK_CAPTURE_AUTORELEASING = YES;
				CLANG_WARN_BOOL_CONVERSION = YES;
				CLANG_WARN_COMMA = YES;
				CLANG_WARN_CONSTANT_CONVERSION = YES;
				CLANG_WARN_DEPRECATED_OBJC_IMPLEMENTATIONS = YES;
				CLANG_WARN_DIRECT_OBJC_ISA_USAGE = YES_ERROR;
				CLANG_WARN_DOCUMENTATION_COMMENTS = YES;
				CLANG_WARN_EMPTY_BODY = YES;
				CLANG_WARN_ENUM_CONVERSION = YES;
				CLANG_WARN_INFINITE_RECURSION = YES;
				CLANG_WARN_INT_CONVERSION = YES;
				CLANG_WARN_NON_LITERAL_NULL_CONVERSION = YES;
				CLANG_WARN_OBJC_IMPLICIT_RETAIN_SELF = YES;
				CLANG_WARN_OBJC_LITERAL_CONVERSION = YES;
				CLANG_WARN_OBJC_ROOT_CLASS = YES_ERROR;
				CLANG_WARN_RANGE_LOOP_ANALYSIS = YES;
				CLANG_WARN_STRICT_PROTOTYPES = YES;
				CLANG_WARN_SUSPICIOUS_MOVE = YES;
				CLANG_WARN_UNGUARDED_AVAILABILITY = YES_AGGRESSIVE;
				CLANG_WARN_UNREACHABLE_CODE = YES;
				CLANG_WARN__DUPLICATE_METHOD_MATCH = YES;
				CODE_SIGN_IDENTITY = "iPhone Developer";
				COPY_PHASE_STRIP = NO;
				DEBUG_INFORMATION_FORMAT = "dwarf-with-dsym";
				ENABLE_NS_ASSERTIONS = NO;
				ENABLE_STRICT_OBJC_MSGSEND = YES;
				GCC_C_LANGUAGE_STANDARD = gnu11;
				GCC_NO_COMMON_BLOCKS = YES;
				GCC_WARN_64_TO_32_BIT_CONVERSION = YES;
				GCC_WARN_ABOUT_RETURN_TYPE = YES_ERROR;
				GCC_WARN_UNDECLARED_SELECTOR = YES;
				GCC_WARN_UNINITIALIZED_AUTOS = YES_AGGRESSIVE;
				GCC_WARN_UNUSED_FUNCTION = YES;
				GCC_WARN_UNUSED_VARIABLE = YES;
				IPHONEOS_DEPLOYMENT_TARGET = 11.3;
				MTL_ENABLE_DEBUG_INFO = NO;
				SDKROOT = iphoneos;
				SWIFT_COMPILATION_MODE = wholemodule;
				SWIFT_OPTIMIZATION_LEVEL = "-O";
				VALIDATE_PRODUCT = YES;
			};
			name = Release;
		};
		20AC2FCD20B46B4500F8B208 /* Debug */ = {
			isa = XCBuildConfiguration;
			buildSettings = {
				ASSETCATALOG_COMPILER_APPICON_NAME = AppIcon;
				CODE_SIGN_STYLE = Automatic;
				DEVELOPMENT_TEAM = 4EEQ6755M6;
				INFOPLIST_FILE = Restaurant/Info.plist;
				LD_RUNPATH_SEARCH_PATHS = (
					"$(inherited)",
					"@executable_path/Frameworks",
				);
				PRODUCT_BUNDLE_IDENTIFIER = mikk.Restaurant;
				PRODUCT_NAME = "$(TARGET_NAME)";
				SWIFT_VERSION = 4.0;
				TARGETED_DEVICE_FAMILY = "1,2";
			};
			name = Debug;
		};
		20AC2FCE20B46B4500F8B208 /* Release */ = {
			isa = XCBuildConfiguration;
			buildSettings = {
				ASSETCATALOG_COMPILER_APPICON_NAME = AppIcon;
				CODE_SIGN_STYLE = Automatic;
				DEVELOPMENT_TEAM = 4EEQ6755M6;
				INFOPLIST_FILE = Restaurant/Info.plist;
				LD_RUNPATH_SEARCH_PATHS = (
					"$(inherited)",
					"@executable_path/Frameworks",
				);
				PRODUCT_BUNDLE_IDENTIFIER = mikk.Restaurant;
				PRODUCT_NAME = "$(TARGET_NAME)";
				SWIFT_VERSION = 4.0;
				TARGETED_DEVICE_FAMILY = "1,2";
			};
			name = Release;
		};
		20AC2FD020B46B4500F8B208 /* Debug */ = {
			isa = XCBuildConfiguration;
			buildSettings = {
				ALWAYS_EMBED_SWIFT_STANDARD_LIBRARIES = YES;
				BUNDLE_LOADER = "$(TEST_HOST)";
				CODE_SIGN_STYLE = Automatic;
				INFOPLIST_FILE = RestaurantTests/Info.plist;
				LD_RUNPATH_SEARCH_PATHS = (
					"$(inherited)",
					"@executable_path/Frameworks",
					"@loader_path/Frameworks",
				);
				PRODUCT_BUNDLE_IDENTIFIER = mikk.RestaurantTests;
				PRODUCT_NAME = "$(TARGET_NAME)";
				SWIFT_VERSION = 4.0;
				TARGETED_DEVICE_FAMILY = "1,2";
				TEST_HOST = "$(BUILT_PRODUCTS_DIR)/Restaurant.app/Restaurant";
			};
			name = Debug;
		};
		20AC2FD120B46B4500F8B208 /* Release */ = {
			isa = XCBuildConfiguration;
			buildSettings = {
				ALWAYS_EMBED_SWIFT_STANDARD_LIBRARIES = YES;
				BUNDLE_LOADER = "$(TEST_HOST)";
				CODE_SIGN_STYLE = Automatic;
				INFOPLIST_FILE = RestaurantTests/Info.plist;
				LD_RUNPATH_SEARCH_PATHS = (
					"$(inherited)",
					"@executable_path/Frameworks",
					"@loader_path/Frameworks",
				);
				PRODUCT_BUNDLE_IDENTIFIER = mikk.RestaurantTests;
				PRODUCT_NAME = "$(TARGET_NAME)";
				SWIFT_VERSION = 4.0;
				TARGETED_DEVICE_FAMILY = "1,2";
				TEST_HOST = "$(BUILT_PRODUCTS_DIR)/Restaurant.app/Restaurant";
			};
			name = Release;
		};
		20AC2FD320B46B4500F8B208 /* Debug */ = {
			isa = XCBuildConfiguration;
			buildSettings = {
				ALWAYS_EMBED_SWIFT_STANDARD_LIBRARIES = YES;
				CODE_SIGN_STYLE = Automatic;
				INFOPLIST_FILE = RestaurantUITests/Info.plist;
				LD_RUNPATH_SEARCH_PATHS = (
					"$(inherited)",
					"@executable_path/Frameworks",
					"@loader_path/Frameworks",
				);
				PRODUCT_BUNDLE_IDENTIFIER = mikk.RestaurantUITests;
				PRODUCT_NAME = "$(TARGET_NAME)";
				SWIFT_VERSION = 4.0;
				TARGETED_DEVICE_FAMILY = "1,2";
				TEST_TARGET_NAME = Restaurant;
			};
			name = Debug;
		};
		20AC2FD420B46B4500F8B208 /* Release */ = {
			isa = XCBuildConfiguration;
			buildSettings = {
				ALWAYS_EMBED_SWIFT_STANDARD_LIBRARIES = YES;
				CODE_SIGN_STYLE = Automatic;
				INFOPLIST_FILE = RestaurantUITests/Info.plist;
				LD_RUNPATH_SEARCH_PATHS = (
					"$(inherited)",
					"@executable_path/Frameworks",
					"@loader_path/Frameworks",
				);
				PRODUCT_BUNDLE_IDENTIFIER = mikk.RestaurantUITests;
				PRODUCT_NAME = "$(TARGET_NAME)";
				SWIFT_VERSION = 4.0;
				TARGETED_DEVICE_FAMILY = "1,2";
				TEST_TARGET_NAME = Restaurant;
			};
			name = Release;
		};
/* End XCBuildConfiguration section */

/* Begin XCConfigurationList section */
		20AC2F9F20B46B4300F8B208 /* Build configuration list for PBXProject "Restaurant" */ = {
			isa = XCConfigurationList;
			buildConfigurations = (
				20AC2FCA20B46B4500F8B208 /* Debug */,
				20AC2FCB20B46B4500F8B208 /* Release */,
			);
			defaultConfigurationIsVisible = 0;
			defaultConfigurationName = Release;
		};
		20AC2FCC20B46B4500F8B208 /* Build configuration list for PBXNativeTarget "Restaurant" */ = {
			isa = XCConfigurationList;
			buildConfigurations = (
				20AC2FCD20B46B4500F8B208 /* Debug */,
				20AC2FCE20B46B4500F8B208 /* Release */,
			);
			defaultConfigurationIsVisible = 0;
			defaultConfigurationName = Release;
		};
		20AC2FCF20B46B4500F8B208 /* Build configuration list for PBXNativeTarget "RestaurantTests" */ = {
			isa = XCConfigurationList;
			buildConfigurations = (
				20AC2FD020B46B4500F8B208 /* Debug */,
				20AC2FD120B46B4500F8B208 /* Release */,
			);
			defaultConfigurationIsVisible = 0;
			defaultConfigurationName = Release;
		};
		20AC2FD220B46B4500F8B208 /* Build configuration list for PBXNativeTarget "RestaurantUITests" */ = {
			isa = XCConfigurationList;
			buildConfigurations = (
				20AC2FD320B46B4500F8B208 /* Debug */,
				20AC2FD420B46B4500F8B208 /* Release */,
			);
			defaultConfigurationIsVisible = 0;
			defaultConfigurationName = Release;
		};
/* End XCConfigurationList section */
	};
	rootObject = 20AC2F9C20B46B4300F8B208 /* Project object */;
}
